// !$*UTF8*$!
{
	archiveVersion = 1;
	classes = {
	};
	objectVersion = 56;
	objects = {

/* Begin PBXBuildFile section */
		5A0EA4D82AE28F3D005F700C /* SnapKit in Frameworks */ = {isa = PBXBuildFile; productRef = 5A0EA4D72AE28F3D005F700C /* SnapKit */; };
		5A1EA4E12ADAC554001415B4 /* DetailPageVC.swift in Sources */ = {isa = PBXBuildFile; fileRef = 5A1EA4E02ADAC554001415B4 /* DetailPageVC.swift */; };
		5A36B1902AE550FC002C910E /* UIView + Extension.swift in Sources */ = {isa = PBXBuildFile; fileRef = 5A36B18F2AE550FC002C910E /* UIView + Extension.swift */; };
		5A36B1922AE56C90002C910E /* UIViewController Extension.swift in Sources */ = {isa = PBXBuildFile; fileRef = 5A36B1912AE56C90002C910E /* UIViewController Extension.swift */; };
		5A37E2302AE41C620002AF9D /* FoodDataModel.xcdatamodeld in Sources */ = {isa = PBXBuildFile; fileRef = 5A37E22E2AE41C620002AF9D /* FoodDataModel.xcdatamodeld */; };
		5A37E2322AE425C20002AF9D /* FavoritesTableViewCell.swift in Sources */ = {isa = PBXBuildFile; fileRef = 5A37E2312AE425C20002AF9D /* FavoritesTableViewCell.swift */; };
		5A4325682ADD701A00EE15B1 /* YemeklerDetay.swift in Sources */ = {isa = PBXBuildFile; fileRef = 5A4325672ADD701A00EE15B1 /* YemeklerDetay.swift */; };
		5A43256A2ADD702200EE15B1 /* YemeklerDetayCevap.swift in Sources */ = {isa = PBXBuildFile; fileRef = 5A4325692ADD702200EE15B1 /* YemeklerDetayCevap.swift */; };
		5A43256C2ADD740D00EE15B1 /* DetailPageViewModel.swift in Sources */ = {isa = PBXBuildFile; fileRef = 5A43256B2ADD740D00EE15B1 /* DetailPageViewModel.swift */; };
		5A53D8002B6278EB00D657E4 /* GoogleService-Info.plist in Resources */ = {isa = PBXBuildFile; fileRef = 5A53D7FF2B6278EB00D657E4 /* GoogleService-Info.plist */; };
		5A53D8032B62796300D657E4 /* FirebaseAnalytics in Frameworks */ = {isa = PBXBuildFile; productRef = 5A53D8022B62796300D657E4 /* FirebaseAnalytics */; };
		5A53D8052B62796300D657E4 /* FirebaseAnalyticsOnDeviceConversion in Frameworks */ = {isa = PBXBuildFile; productRef = 5A53D8042B62796300D657E4 /* FirebaseAnalyticsOnDeviceConversion */; };
		5A53D8072B62796300D657E4 /* FirebaseAnalyticsSwift in Frameworks */ = {isa = PBXBuildFile; productRef = 5A53D8062B62796300D657E4 /* FirebaseAnalyticsSwift */; };
		5A53D8092B62796300D657E4 /* FirebaseAnalyticsWithoutAdIdSupport in Frameworks */ = {isa = PBXBuildFile; productRef = 5A53D8082B62796300D657E4 /* FirebaseAnalyticsWithoutAdIdSupport */; };
		5A53D80B2B62796300D657E4 /* FirebaseAppCheck in Frameworks */ = {isa = PBXBuildFile; productRef = 5A53D80A2B62796300D657E4 /* FirebaseAppCheck */; };
		5A53D80D2B62796300D657E4 /* FirebaseAppDistribution-Beta in Frameworks */ = {isa = PBXBuildFile; productRef = 5A53D80C2B62796300D657E4 /* FirebaseAppDistribution-Beta */; };
		5A53D80F2B62796300D657E4 /* FirebaseAuth in Frameworks */ = {isa = PBXBuildFile; productRef = 5A53D80E2B62796300D657E4 /* FirebaseAuth */; };
		5A53D8112B62796300D657E4 /* FirebaseAuthCombine-Community in Frameworks */ = {isa = PBXBuildFile; productRef = 5A53D8102B62796300D657E4 /* FirebaseAuthCombine-Community */; };
		5A53D8132B62796300D657E4 /* FirebaseCrashlytics in Frameworks */ = {isa = PBXBuildFile; productRef = 5A53D8122B62796300D657E4 /* FirebaseCrashlytics */; };
		5A53D8152B62796300D657E4 /* FirebaseDatabase in Frameworks */ = {isa = PBXBuildFile; productRef = 5A53D8142B62796300D657E4 /* FirebaseDatabase */; };
		5A53D8172B62796300D657E4 /* FirebaseDatabaseSwift in Frameworks */ = {isa = PBXBuildFile; productRef = 5A53D8162B62796300D657E4 /* FirebaseDatabaseSwift */; };
		5A53D8192B62796300D657E4 /* FirebaseDynamicLinks in Frameworks */ = {isa = PBXBuildFile; productRef = 5A53D8182B62796300D657E4 /* FirebaseDynamicLinks */; };
		5A53D81B2B62796300D657E4 /* FirebaseFirestore in Frameworks */ = {isa = PBXBuildFile; productRef = 5A53D81A2B62796300D657E4 /* FirebaseFirestore */; };
		5A53D81D2B62796300D657E4 /* FirebaseFirestoreCombine-Community in Frameworks */ = {isa = PBXBuildFile; productRef = 5A53D81C2B62796300D657E4 /* FirebaseFirestoreCombine-Community */; };
		5A53D81F2B62796300D657E4 /* FirebaseFirestoreSwift in Frameworks */ = {isa = PBXBuildFile; productRef = 5A53D81E2B62796300D657E4 /* FirebaseFirestoreSwift */; };
		5A53D8212B62796300D657E4 /* FirebaseFunctions in Frameworks */ = {isa = PBXBuildFile; productRef = 5A53D8202B62796300D657E4 /* FirebaseFunctions */; };
		5A53D8232B62796300D657E4 /* FirebaseFunctionsCombine-Community in Frameworks */ = {isa = PBXBuildFile; productRef = 5A53D8222B62796300D657E4 /* FirebaseFunctionsCombine-Community */; };
		5A53D8252B62796300D657E4 /* FirebaseInAppMessaging-Beta in Frameworks */ = {isa = PBXBuildFile; productRef = 5A53D8242B62796300D657E4 /* FirebaseInAppMessaging-Beta */; };
		5A53D8272B62796300D657E4 /* FirebaseInAppMessagingSwift-Beta in Frameworks */ = {isa = PBXBuildFile; productRef = 5A53D8262B62796300D657E4 /* FirebaseInAppMessagingSwift-Beta */; };
		5A53D8292B62796300D657E4 /* FirebaseInstallations in Frameworks */ = {isa = PBXBuildFile; productRef = 5A53D8282B62796300D657E4 /* FirebaseInstallations */; };
		5A53D82B2B62796300D657E4 /* FirebaseMLModelDownloader in Frameworks */ = {isa = PBXBuildFile; productRef = 5A53D82A2B62796300D657E4 /* FirebaseMLModelDownloader */; };
		5A53D82D2B62796300D657E4 /* FirebaseMessaging in Frameworks */ = {isa = PBXBuildFile; productRef = 5A53D82C2B62796300D657E4 /* FirebaseMessaging */; };
		5A53D82F2B62796300D657E4 /* FirebasePerformance in Frameworks */ = {isa = PBXBuildFile; productRef = 5A53D82E2B62796300D657E4 /* FirebasePerformance */; };
		5A53D8312B62796300D657E4 /* FirebaseRemoteConfig in Frameworks */ = {isa = PBXBuildFile; productRef = 5A53D8302B62796300D657E4 /* FirebaseRemoteConfig */; };
		5A53D8332B62796300D657E4 /* FirebaseRemoteConfigSwift in Frameworks */ = {isa = PBXBuildFile; productRef = 5A53D8322B62796300D657E4 /* FirebaseRemoteConfigSwift */; };
		5A53D8352B62796300D657E4 /* FirebaseStorage in Frameworks */ = {isa = PBXBuildFile; productRef = 5A53D8342B62796300D657E4 /* FirebaseStorage */; };
		5A53D8372B62796300D657E4 /* FirebaseStorageCombine-Community in Frameworks */ = {isa = PBXBuildFile; productRef = 5A53D8362B62796300D657E4 /* FirebaseStorageCombine-Community */; };
		5A5D2FA22AD6DFF1003CAF22 /* DiscoverViewModel.swift in Sources */ = {isa = PBXBuildFile; fileRef = 5A5D2FA12AD6DFF1003CAF22 /* DiscoverViewModel.swift */; };
		5A5D2FA42AD6E00E003CAF22 /* BasketsViewModel.swift in Sources */ = {isa = PBXBuildFile; fileRef = 5A5D2FA32AD6E00E003CAF22 /* BasketsViewModel.swift */; };
		5A5D2FA62AD6E021003CAF22 /* FavoritesViewModel.swift in Sources */ = {isa = PBXBuildFile; fileRef = 5A5D2FA52AD6E021003CAF22 /* FavoritesViewModel.swift */; };
		5A5D2FA82AD74399003CAF22 /* Yemekler.swift in Sources */ = {isa = PBXBuildFile; fileRef = 5A5D2FA72AD74399003CAF22 /* Yemekler.swift */; };
		5A5D2FAC2AD8359F003CAF22 /* YemeklerCollectionViewCell.swift in Sources */ = {isa = PBXBuildFile; fileRef = 5A5D2FAB2AD8359F003CAF22 /* YemeklerCollectionViewCell.swift */; };
		5A5D2FAF2AD861D2003CAF22 /* Kingfisher in Frameworks */ = {isa = PBXBuildFile; productRef = 5A5D2FAE2AD861D2003CAF22 /* Kingfisher */; };
		5A5D2FB12AD86794003CAF22 /* YemeklerCevap.swift in Sources */ = {isa = PBXBuildFile; fileRef = 5A5D2FB02AD86794003CAF22 /* YemeklerCevap.swift */; };
		5A5D2FB62AD8687E003CAF22 /* Alamofire in Frameworks */ = {isa = PBXBuildFile; productRef = 5A5D2FB52AD8687E003CAF22 /* Alamofire */; };
		5A73FA792B419CD100032926 /* UIColor Extension.swift in Sources */ = {isa = PBXBuildFile; fileRef = 5A73FA782B419CD100032926 /* UIColor Extension.swift */; };
		5A79D51B2AD6C44200C83B06 /* AppDelegate.swift in Sources */ = {isa = PBXBuildFile; fileRef = 5A79D51A2AD6C44200C83B06 /* AppDelegate.swift */; };
		5A79D51D2AD6C44200C83B06 /* SceneDelegate.swift in Sources */ = {isa = PBXBuildFile; fileRef = 5A79D51C2AD6C44200C83B06 /* SceneDelegate.swift */; };
		5A79D51F2AD6C44200C83B06 /* DiscoverVC.swift in Sources */ = {isa = PBXBuildFile; fileRef = 5A79D51E2AD6C44200C83B06 /* DiscoverVC.swift */; };
		5A79D5222AD6C44200C83B06 /* Main.storyboard in Resources */ = {isa = PBXBuildFile; fileRef = 5A79D5202AD6C44200C83B06 /* Main.storyboard */; };
		5A79D5242AD6C44300C83B06 /* Assets.xcassets in Resources */ = {isa = PBXBuildFile; fileRef = 5A79D5232AD6C44300C83B06 /* Assets.xcassets */; };
		5A79D5272AD6C44300C83B06 /* LaunchScreen.storyboard in Resources */ = {isa = PBXBuildFile; fileRef = 5A79D5252AD6C44300C83B06 /* LaunchScreen.storyboard */; };
		5A79D53C2AD6C85C00C83B06 /* SettingsVC.swift in Sources */ = {isa = PBXBuildFile; fileRef = 5A79D53B2AD6C85C00C83B06 /* SettingsVC.swift */; };
		5A79D53E2AD6C87200C83B06 /* FavoritesVC.swift in Sources */ = {isa = PBXBuildFile; fileRef = 5A79D53D2AD6C87200C83B06 /* FavoritesVC.swift */; };
		5A79D5402AD6C8A600C83B06 /* BasketsVC.swift in Sources */ = {isa = PBXBuildFile; fileRef = 5A79D53F2AD6C8A600C83B06 /* BasketsVC.swift */; };
		5A8341FE2B5037C800ED2B4A /* UITextField + Extension.swift in Sources */ = {isa = PBXBuildFile; fileRef = 5A8341FD2B5037C800ED2B4A /* UITextField + Extension.swift */; };
		5AA3B40C2B0E32A00001F402 /* LoginVC.swift in Sources */ = {isa = PBXBuildFile; fileRef = 5AA3B40B2B0E32A00001F402 /* LoginVC.swift */; };
		5AA3B40E2B0E32B00001F402 /* SignUpVC.swift in Sources */ = {isa = PBXBuildFile; fileRef = 5AA3B40D2B0E32B00001F402 /* SignUpVC.swift */; };
		5AA3B4102B0E32F00001F402 /* LoginViewModel.swift in Sources */ = {isa = PBXBuildFile; fileRef = 5AA3B40F2B0E32F00001F402 /* LoginViewModel.swift */; };
		5AA3B4122B0E32FB0001F402 /* SignUpViewModel.swift in Sources */ = {isa = PBXBuildFile; fileRef = 5AA3B4112B0E32FB0001F402 /* SignUpViewModel.swift */; };
		5ACE6A3F2ADC33E1002F27D3 /* BasketTableViewCell.swift in Sources */ = {isa = PBXBuildFile; fileRef = 5ACE6A3E2ADC33E1002F27D3 /* BasketTableViewCell.swift */; };
		5AFCA11A2B3C415E00C1B01D /* OnboardingVC.swift in Sources */ = {isa = PBXBuildFile; fileRef = 5AFCA1192B3C415E00C1B01D /* OnboardingVC.swift */; };
		5AFD59492B69159800C65040 /* IQKeyboardManagerSwift in Frameworks */ = {isa = PBXBuildFile; productRef = 5AFD59482B69159800C65040 /* IQKeyboardManagerSwift */; };
		5AFD594C2B69339500C65040 /* ForgotPasswordVC.swift in Sources */ = {isa = PBXBuildFile; fileRef = 5AFD594B2B69339500C65040 /* ForgotPasswordVC.swift */; };
		5AFD594E2B69344400C65040 /* ForgotPasswordViewModel.swift in Sources */ = {isa = PBXBuildFile; fileRef = 5AFD594D2B69344400C65040 /* ForgotPasswordViewModel.swift */; };
/* End PBXBuildFile section */

/* Begin PBXFileReference section */
		5A1EA4E02ADAC554001415B4 /* DetailPageVC.swift */ = {isa = PBXFileReference; lastKnownFileType = sourcecode.swift; path = DetailPageVC.swift; sourceTree = "<group>"; };
		5A36B18F2AE550FC002C910E /* UIView + Extension.swift */ = {isa = PBXFileReference; lastKnownFileType = sourcecode.swift; path = "UIView + Extension.swift"; sourceTree = "<group>"; };
		5A36B1912AE56C90002C910E /* UIViewController Extension.swift */ = {isa = PBXFileReference; lastKnownFileType = sourcecode.swift; path = "UIViewController Extension.swift"; sourceTree = "<group>"; };
		5A37E22F2AE41C620002AF9D /* FoodDataModel.xcdatamodel */ = {isa = PBXFileReference; lastKnownFileType = wrapper.xcdatamodel; path = FoodDataModel.xcdatamodel; sourceTree = "<group>"; };
		5A37E2312AE425C20002AF9D /* FavoritesTableViewCell.swift */ = {isa = PBXFileReference; lastKnownFileType = sourcecode.swift; path = FavoritesTableViewCell.swift; sourceTree = "<group>"; };
		5A4325672ADD701A00EE15B1 /* YemeklerDetay.swift */ = {isa = PBXFileReference; lastKnownFileType = sourcecode.swift; path = YemeklerDetay.swift; sourceTree = "<group>"; };
		5A4325692ADD702200EE15B1 /* YemeklerDetayCevap.swift */ = {isa = PBXFileReference; lastKnownFileType = sourcecode.swift; path = YemeklerDetayCevap.swift; sourceTree = "<group>"; };
		5A43256B2ADD740D00EE15B1 /* DetailPageViewModel.swift */ = {isa = PBXFileReference; lastKnownFileType = sourcecode.swift; path = DetailPageViewModel.swift; sourceTree = "<group>"; };
		5A53D7FF2B6278EB00D657E4 /* GoogleService-Info.plist */ = {isa = PBXFileReference; fileEncoding = 4; lastKnownFileType = text.plist.xml; path = "GoogleService-Info.plist"; sourceTree = "<group>"; };
		5A5D2FA12AD6DFF1003CAF22 /* DiscoverViewModel.swift */ = {isa = PBXFileReference; lastKnownFileType = sourcecode.swift; path = DiscoverViewModel.swift; sourceTree = "<group>"; };
		5A5D2FA32AD6E00E003CAF22 /* BasketsViewModel.swift */ = {isa = PBXFileReference; lastKnownFileType = sourcecode.swift; path = BasketsViewModel.swift; sourceTree = "<group>"; };
		5A5D2FA52AD6E021003CAF22 /* FavoritesViewModel.swift */ = {isa = PBXFileReference; lastKnownFileType = sourcecode.swift; path = FavoritesViewModel.swift; sourceTree = "<group>"; };
		5A5D2FA72AD74399003CAF22 /* Yemekler.swift */ = {isa = PBXFileReference; lastKnownFileType = sourcecode.swift; path = Yemekler.swift; sourceTree = "<group>"; };
		5A5D2FAB2AD8359F003CAF22 /* YemeklerCollectionViewCell.swift */ = {isa = PBXFileReference; lastKnownFileType = sourcecode.swift; path = YemeklerCollectionViewCell.swift; sourceTree = "<group>"; };
		5A5D2FB02AD86794003CAF22 /* YemeklerCevap.swift */ = {isa = PBXFileReference; lastKnownFileType = sourcecode.swift; path = YemeklerCevap.swift; sourceTree = "<group>"; };
		5A73FA782B419CD100032926 /* UIColor Extension.swift */ = {isa = PBXFileReference; lastKnownFileType = sourcecode.swift; path = "UIColor Extension.swift"; sourceTree = "<group>"; };
		5A79D5172AD6C44200C83B06 /* Food Delivery App.app */ = {isa = PBXFileReference; explicitFileType = wrapper.application; includeInIndex = 0; path = "Food Delivery App.app"; sourceTree = BUILT_PRODUCTS_DIR; };
		5A79D51A2AD6C44200C83B06 /* AppDelegate.swift */ = {isa = PBXFileReference; lastKnownFileType = sourcecode.swift; path = AppDelegate.swift; sourceTree = "<group>"; };
		5A79D51C2AD6C44200C83B06 /* SceneDelegate.swift */ = {isa = PBXFileReference; lastKnownFileType = sourcecode.swift; path = SceneDelegate.swift; sourceTree = "<group>"; };
		5A79D51E2AD6C44200C83B06 /* DiscoverVC.swift */ = {isa = PBXFileReference; lastKnownFileType = sourcecode.swift; path = DiscoverVC.swift; sourceTree = "<group>"; };
		5A79D5212AD6C44200C83B06 /* Base */ = {isa = PBXFileReference; lastKnownFileType = file.storyboard; name = Base; path = Base.lproj/Main.storyboard; sourceTree = "<group>"; };
		5A79D5232AD6C44300C83B06 /* Assets.xcassets */ = {isa = PBXFileReference; lastKnownFileType = folder.assetcatalog; path = Assets.xcassets; sourceTree = "<group>"; };
		5A79D5262AD6C44300C83B06 /* Base */ = {isa = PBXFileReference; lastKnownFileType = file.storyboard; name = Base; path = Base.lproj/LaunchScreen.storyboard; sourceTree = "<group>"; };
		5A79D5282AD6C44300C83B06 /* Info.plist */ = {isa = PBXFileReference; lastKnownFileType = text.plist.xml; path = Info.plist; sourceTree = "<group>"; };
		5A79D53B2AD6C85C00C83B06 /* SettingsVC.swift */ = {isa = PBXFileReference; lastKnownFileType = sourcecode.swift; path = SettingsVC.swift; sourceTree = "<group>"; };
		5A79D53D2AD6C87200C83B06 /* FavoritesVC.swift */ = {isa = PBXFileReference; lastKnownFileType = sourcecode.swift; path = FavoritesVC.swift; sourceTree = "<group>"; };
		5A79D53F2AD6C8A600C83B06 /* BasketsVC.swift */ = {isa = PBXFileReference; lastKnownFileType = sourcecode.swift; path = BasketsVC.swift; sourceTree = "<group>"; };
		5A8341FD2B5037C800ED2B4A /* UITextField + Extension.swift */ = {isa = PBXFileReference; lastKnownFileType = sourcecode.swift; path = "UITextField + Extension.swift"; sourceTree = "<group>"; };
		5AA3B40B2B0E32A00001F402 /* LoginVC.swift */ = {isa = PBXFileReference; lastKnownFileType = sourcecode.swift; path = LoginVC.swift; sourceTree = "<group>"; };
		5AA3B40D2B0E32B00001F402 /* SignUpVC.swift */ = {isa = PBXFileReference; lastKnownFileType = sourcecode.swift; path = SignUpVC.swift; sourceTree = "<group>"; };
		5AA3B40F2B0E32F00001F402 /* LoginViewModel.swift */ = {isa = PBXFileReference; lastKnownFileType = sourcecode.swift; path = LoginViewModel.swift; sourceTree = "<group>"; };
		5AA3B4112B0E32FB0001F402 /* SignUpViewModel.swift */ = {isa = PBXFileReference; lastKnownFileType = sourcecode.swift; path = SignUpViewModel.swift; sourceTree = "<group>"; };
		5ACE6A3E2ADC33E1002F27D3 /* BasketTableViewCell.swift */ = {isa = PBXFileReference; lastKnownFileType = sourcecode.swift; path = BasketTableViewCell.swift; sourceTree = "<group>"; };
		5AFCA1192B3C415E00C1B01D /* OnboardingVC.swift */ = {isa = PBXFileReference; lastKnownFileType = sourcecode.swift; path = OnboardingVC.swift; sourceTree = "<group>"; };
		5AFD594B2B69339500C65040 /* ForgotPasswordVC.swift */ = {isa = PBXFileReference; lastKnownFileType = sourcecode.swift; path = ForgotPasswordVC.swift; sourceTree = "<group>"; };
		5AFD594D2B69344400C65040 /* ForgotPasswordViewModel.swift */ = {isa = PBXFileReference; lastKnownFileType = sourcecode.swift; path = ForgotPasswordViewModel.swift; sourceTree = "<group>"; };
/* End PBXFileReference section */

/* Begin PBXFrameworksBuildPhase section */
		5A79D5142AD6C44200C83B06 /* Frameworks */ = {
			isa = PBXFrameworksBuildPhase;
			buildActionMask = 2147483647;
			files = (
				5A53D8272B62796300D657E4 /* FirebaseInAppMessagingSwift-Beta in Frameworks */,
				5A53D8172B62796300D657E4 /* FirebaseDatabaseSwift in Frameworks */,
				5A53D8152B62796300D657E4 /* FirebaseDatabase in Frameworks */,
				5A53D82B2B62796300D657E4 /* FirebaseMLModelDownloader in Frameworks */,
				5A53D80B2B62796300D657E4 /* FirebaseAppCheck in Frameworks */,
				5A53D8232B62796300D657E4 /* FirebaseFunctionsCombine-Community in Frameworks */,
				5A53D8292B62796300D657E4 /* FirebaseInstallations in Frameworks */,
				5A53D82D2B62796300D657E4 /* FirebaseMessaging in Frameworks */,
				5A53D80F2B62796300D657E4 /* FirebaseAuth in Frameworks */,
				5A53D8312B62796300D657E4 /* FirebaseRemoteConfig in Frameworks */,
				5A53D8072B62796300D657E4 /* FirebaseAnalyticsSwift in Frameworks */,
				5A53D8352B62796300D657E4 /* FirebaseStorage in Frameworks */,
				5A53D82F2B62796300D657E4 /* FirebasePerformance in Frameworks */,
				5A53D81B2B62796300D657E4 /* FirebaseFirestore in Frameworks */,
				5A0EA4D82AE28F3D005F700C /* SnapKit in Frameworks */,
				5A53D8252B62796300D657E4 /* FirebaseInAppMessaging-Beta in Frameworks */,
				5A5D2FAF2AD861D2003CAF22 /* Kingfisher in Frameworks */,
				5A53D8052B62796300D657E4 /* FirebaseAnalyticsOnDeviceConversion in Frameworks */,
				5A53D8332B62796300D657E4 /* FirebaseRemoteConfigSwift in Frameworks */,
				5A53D8112B62796300D657E4 /* FirebaseAuthCombine-Community in Frameworks */,
				5A53D8212B62796300D657E4 /* FirebaseFunctions in Frameworks */,
				5A53D8092B62796300D657E4 /* FirebaseAnalyticsWithoutAdIdSupport in Frameworks */,
				5A53D8372B62796300D657E4 /* FirebaseStorageCombine-Community in Frameworks */,
				5A53D81D2B62796300D657E4 /* FirebaseFirestoreCombine-Community in Frameworks */,
				5A53D8032B62796300D657E4 /* FirebaseAnalytics in Frameworks */,
				5A53D8132B62796300D657E4 /* FirebaseCrashlytics in Frameworks */,
				5A5D2FB62AD8687E003CAF22 /* Alamofire in Frameworks */,
				5AFD59492B69159800C65040 /* IQKeyboardManagerSwift in Frameworks */,
				5A53D80D2B62796300D657E4 /* FirebaseAppDistribution-Beta in Frameworks */,
				5A53D8192B62796300D657E4 /* FirebaseDynamicLinks in Frameworks */,
				5A53D81F2B62796300D657E4 /* FirebaseFirestoreSwift in Frameworks */,
			);
			runOnlyForDeploymentPostprocessing = 0;
		};
/* End PBXFrameworksBuildPhase section */

/* Begin PBXGroup section */
		5A1EA4DF2ADAC52A001415B4 /* Detail Page View */ = {
			isa = PBXGroup;
			children = (
				5A1EA4E02ADAC554001415B4 /* DetailPageVC.swift */,
				5A43256B2ADD740D00EE15B1 /* DetailPageViewModel.swift */,
				5A37E22E2AE41C620002AF9D /* FoodDataModel.xcdatamodeld */,
			);
			path = "Detail Page View";
			sourceTree = "<group>";
		};
		5A36B18E2AE550E4002C910E /* Extensions */ = {
			isa = PBXGroup;
			children = (
				5A36B18F2AE550FC002C910E /* UIView + Extension.swift */,
				5A8341FD2B5037C800ED2B4A /* UITextField + Extension.swift */,
				5A36B1912AE56C90002C910E /* UIViewController Extension.swift */,
				5A73FA782B419CD100032926 /* UIColor Extension.swift */,
			);
			path = Extensions;
			sourceTree = "<group>";
		};
		5A79D50E2AD6C44200C83B06 = {
			isa = PBXGroup;
			children = (
				5A79D5192AD6C44200C83B06 /* Food Delivery App */,
				5A79D5182AD6C44200C83B06 /* Products */,
			);
			sourceTree = "<group>";
		};
		5A79D5182AD6C44200C83B06 /* Products */ = {
			isa = PBXGroup;
			children = (
				5A79D5172AD6C44200C83B06 /* Food Delivery App.app */,
			);
			name = Products;
			sourceTree = "<group>";
		};
		5A79D5192AD6C44200C83B06 /* Food Delivery App */ = {
			isa = PBXGroup;
			children = (
				5A79D51A2AD6C44200C83B06 /* AppDelegate.swift */,
				5A79D51C2AD6C44200C83B06 /* SceneDelegate.swift */,
				5A79D5232AD6C44300C83B06 /* Assets.xcassets */,
				5A79D5342AD6C78100C83B06 /* View */,
				5A79D52E2AD6C71300C83B06 /* Data */,
				5A79D5252AD6C44300C83B06 /* LaunchScreen.storyboard */,
				5A79D5282AD6C44300C83B06 /* Info.plist */,
				5A53D7FF2B6278EB00D657E4 /* GoogleService-Info.plist */,
			);
			path = "Food Delivery App";
			sourceTree = "<group>";
		};
		5A79D52E2AD6C71300C83B06 /* Data */ = {
			isa = PBXGroup;
			children = (
				5A5D2FA72AD74399003CAF22 /* Yemekler.swift */,
				5A5D2FB02AD86794003CAF22 /* YemeklerCevap.swift */,
				5A4325672ADD701A00EE15B1 /* YemeklerDetay.swift */,
				5A4325692ADD702200EE15B1 /* YemeklerDetayCevap.swift */,
			);
			path = Data;
			sourceTree = "<group>";
		};
		5A79D5342AD6C78100C83B06 /* View */ = {
			isa = PBXGroup;
			children = (
				5A36B18E2AE550E4002C910E /* Extensions */,
				5A79D5202AD6C44200C83B06 /* Main.storyboard */,
				5A79D5352AD6C78900C83B06 /* Discover View */,
				5A1EA4DF2ADAC52A001415B4 /* Detail Page View */,
				5A79D5372AD6C7C200C83B06 /* Favorites View */,
				5A79D5392AD6C80F00C83B06 /* Settings View */,
				5A79D5362AD6C7B300C83B06 /* Baskets View */,
				5AA3B4092B0E31180001F402 /* Login View */,
				5AA3B40A2B0E314A0001F402 /* SingUp View */,
				5AFCA1182B3C413900C1B01D /* Onboarding View */,
				5AFD594A2B69336B00C65040 /* ForgotPassword View */,
			);
			path = View;
			sourceTree = "<group>";
		};
		5A79D5352AD6C78900C83B06 /* Discover View */ = {
			isa = PBXGroup;
			children = (
				5A79D51E2AD6C44200C83B06 /* DiscoverVC.swift */,
				5A5D2FA12AD6DFF1003CAF22 /* DiscoverViewModel.swift */,
				5A5D2FAB2AD8359F003CAF22 /* YemeklerCollectionViewCell.swift */,
			);
			path = "Discover View";
			sourceTree = "<group>";
		};
		5A79D5362AD6C7B300C83B06 /* Baskets View */ = {
			isa = PBXGroup;
			children = (
				5A79D53F2AD6C8A600C83B06 /* BasketsVC.swift */,
				5A5D2FA32AD6E00E003CAF22 /* BasketsViewModel.swift */,
				5ACE6A3E2ADC33E1002F27D3 /* BasketTableViewCell.swift */,
			);
			path = "Baskets View";
			sourceTree = "<group>";
		};
		5A79D5372AD6C7C200C83B06 /* Favorites View */ = {
			isa = PBXGroup;
			children = (
				5A79D53D2AD6C87200C83B06 /* FavoritesVC.swift */,
				5A5D2FA52AD6E021003CAF22 /* FavoritesViewModel.swift */,
				5A37E2312AE425C20002AF9D /* FavoritesTableViewCell.swift */,
			);
			path = "Favorites View";
			sourceTree = "<group>";
		};
		5A79D5392AD6C80F00C83B06 /* Settings View */ = {
			isa = PBXGroup;
			children = (
				5A79D53B2AD6C85C00C83B06 /* SettingsVC.swift */,
			);
			path = "Settings View";
			sourceTree = "<group>";
		};
		5AA3B4092B0E31180001F402 /* Login View */ = {
			isa = PBXGroup;
			children = (
				5AA3B40B2B0E32A00001F402 /* LoginVC.swift */,
				5AA3B40F2B0E32F00001F402 /* LoginViewModel.swift */,
			);
			path = "Login View";
			sourceTree = "<group>";
		};
		5AA3B40A2B0E314A0001F402 /* SingUp View */ = {
			isa = PBXGroup;
			children = (
				5AA3B40D2B0E32B00001F402 /* SignUpVC.swift */,
				5AA3B4112B0E32FB0001F402 /* SignUpViewModel.swift */,
			);
			path = "SingUp View";
			sourceTree = "<group>";
		};
		5AFCA1182B3C413900C1B01D /* Onboarding View */ = {
			isa = PBXGroup;
			children = (
				5AFCA1192B3C415E00C1B01D /* OnboardingVC.swift */,
			);
			path = "Onboarding View";
			sourceTree = "<group>";
		};
		5AFD594A2B69336B00C65040 /* ForgotPassword View */ = {
			isa = PBXGroup;
			children = (
				5AFD594B2B69339500C65040 /* ForgotPasswordVC.swift */,
				5AFD594D2B69344400C65040 /* ForgotPasswordViewModel.swift */,
			);
			path = "ForgotPassword View";
			sourceTree = "<group>";
		};
/* End PBXGroup section */

/* Begin PBXNativeTarget section */
		5A79D5162AD6C44200C83B06 /* Food Delivery App */ = {
			isa = PBXNativeTarget;
			buildConfigurationList = 5A79D52B2AD6C44300C83B06 /* Build configuration list for PBXNativeTarget "Food Delivery App" */;
			buildPhases = (
				5A79D5132AD6C44200C83B06 /* Sources */,
				5A79D5142AD6C44200C83B06 /* Frameworks */,
				5A79D5152AD6C44200C83B06 /* Resources */,
			);
			buildRules = (
			);
			dependencies = (
			);
			name = "Food Delivery App";
			packageProductDependencies = (
				5A5D2FAE2AD861D2003CAF22 /* Kingfisher */,
				5A5D2FB52AD8687E003CAF22 /* Alamofire */,
				5A0EA4D72AE28F3D005F700C /* SnapKit */,
				5A53D8022B62796300D657E4 /* FirebaseAnalytics */,
				5A53D8042B62796300D657E4 /* FirebaseAnalyticsOnDeviceConversion */,
				5A53D8062B62796300D657E4 /* FirebaseAnalyticsSwift */,
				5A53D8082B62796300D657E4 /* FirebaseAnalyticsWithoutAdIdSupport */,
				5A53D80A2B62796300D657E4 /* FirebaseAppCheck */,
				5A53D80C2B62796300D657E4 /* FirebaseAppDistribution-Beta */,
				5A53D80E2B62796300D657E4 /* FirebaseAuth */,
				5A53D8102B62796300D657E4 /* FirebaseAuthCombine-Community */,
				5A53D8122B62796300D657E4 /* FirebaseCrashlytics */,
				5A53D8142B62796300D657E4 /* FirebaseDatabase */,
				5A53D8162B62796300D657E4 /* FirebaseDatabaseSwift */,
				5A53D8182B62796300D657E4 /* FirebaseDynamicLinks */,
				5A53D81A2B62796300D657E4 /* FirebaseFirestore */,
				5A53D81C2B62796300D657E4 /* FirebaseFirestoreCombine-Community */,
				5A53D81E2B62796300D657E4 /* FirebaseFirestoreSwift */,
				5A53D8202B62796300D657E4 /* FirebaseFunctions */,
				5A53D8222B62796300D657E4 /* FirebaseFunctionsCombine-Community */,
				5A53D8242B62796300D657E4 /* FirebaseInAppMessaging-Beta */,
				5A53D8262B62796300D657E4 /* FirebaseInAppMessagingSwift-Beta */,
				5A53D8282B62796300D657E4 /* FirebaseInstallations */,
				5A53D82A2B62796300D657E4 /* FirebaseMLModelDownloader */,
				5A53D82C2B62796300D657E4 /* FirebaseMessaging */,
				5A53D82E2B62796300D657E4 /* FirebasePerformance */,
				5A53D8302B62796300D657E4 /* FirebaseRemoteConfig */,
				5A53D8322B62796300D657E4 /* FirebaseRemoteConfigSwift */,
				5A53D8342B62796300D657E4 /* FirebaseStorage */,
				5A53D8362B62796300D657E4 /* FirebaseStorageCombine-Community */,
				5AFD59482B69159800C65040 /* IQKeyboardManagerSwift */,
			);
			productName = "Food Delivery App";
			productReference = 5A79D5172AD6C44200C83B06 /* Food Delivery App.app */;
			productType = "com.apple.product-type.application";
		};
/* End PBXNativeTarget section */

/* Begin PBXProject section */
		5A79D50F2AD6C44200C83B06 /* Project object */ = {
			isa = PBXProject;
			attributes = {
				BuildIndependentTargetsInParallel = 1;
				LastSwiftUpdateCheck = 1430;
				LastUpgradeCheck = 1430;
				TargetAttributes = {
					5A79D5162AD6C44200C83B06 = {
						CreatedOnToolsVersion = 14.3.1;
					};
				};
			};
			buildConfigurationList = 5A79D5122AD6C44200C83B06 /* Build configuration list for PBXProject "Food Delivery App" */;
			compatibilityVersion = "Xcode 14.0";
			developmentRegion = en;
			hasScannedForEncodings = 0;
			knownRegions = (
				en,
				Base,
			);
			mainGroup = 5A79D50E2AD6C44200C83B06;
			packageReferences = (
				5A5D2FAD2AD861D2003CAF22 /* XCRemoteSwiftPackageReference "Kingfisher" */,
				5A5D2FB42AD8687E003CAF22 /* XCRemoteSwiftPackageReference "Alamofire" */,
				5A0EA4D62AE28F3D005F700C /* XCRemoteSwiftPackageReference "SnapKit" */,
				5A53D8012B62796300D657E4 /* XCRemoteSwiftPackageReference "firebase-ios-sdk" */,
				5AFD59472B69159800C65040 /* XCRemoteSwiftPackageReference "IQKeyboardManager" */,
			);
			productRefGroup = 5A79D5182AD6C44200C83B06 /* Products */;
			projectDirPath = "";
			projectRoot = "";
			targets = (
				5A79D5162AD6C44200C83B06 /* Food Delivery App */,
			);
		};
/* End PBXProject section */

/* Begin PBXResourcesBuildPhase section */
		5A79D5152AD6C44200C83B06 /* Resources */ = {
			isa = PBXResourcesBuildPhase;
			buildActionMask = 2147483647;
			files = (
				5A53D8002B6278EB00D657E4 /* GoogleService-Info.plist in Resources */,
				5A79D5272AD6C44300C83B06 /* LaunchScreen.storyboard in Resources */,
				5A79D5242AD6C44300C83B06 /* Assets.xcassets in Resources */,
				5A79D5222AD6C44200C83B06 /* Main.storyboard in Resources */,
			);
			runOnlyForDeploymentPostprocessing = 0;
		};
/* End PBXResourcesBuildPhase section */

/* Begin PBXSourcesBuildPhase section */
		5A79D5132AD6C44200C83B06 /* Sources */ = {
			isa = PBXSourcesBuildPhase;
			buildActionMask = 2147483647;
			files = (
				5AA3B40E2B0E32B00001F402 /* SignUpVC.swift in Sources */,
				5AA3B40C2B0E32A00001F402 /* LoginVC.swift in Sources */,
				5AFD594C2B69339500C65040 /* ForgotPasswordVC.swift in Sources */,
				5A5D2FA62AD6E021003CAF22 /* FavoritesViewModel.swift in Sources */,
				5A79D5402AD6C8A600C83B06 /* BasketsVC.swift in Sources */,
				5A4325682ADD701A00EE15B1 /* YemeklerDetay.swift in Sources */,
				5AFD594E2B69344400C65040 /* ForgotPasswordViewModel.swift in Sources */,
				5A5D2FA42AD6E00E003CAF22 /* BasketsViewModel.swift in Sources */,
				5A36B1922AE56C90002C910E /* UIViewController Extension.swift in Sources */,
				5A37E2322AE425C20002AF9D /* FavoritesTableViewCell.swift in Sources */,
				5A1EA4E12ADAC554001415B4 /* DetailPageVC.swift in Sources */,
				5A43256A2ADD702200EE15B1 /* YemeklerDetayCevap.swift in Sources */,
				5A79D51F2AD6C44200C83B06 /* DiscoverVC.swift in Sources */,
				5A36B1902AE550FC002C910E /* UIView + Extension.swift in Sources */,
				5A79D51B2AD6C44200C83B06 /* AppDelegate.swift in Sources */,
				5A73FA792B419CD100032926 /* UIColor Extension.swift in Sources */,
				5A5D2FA82AD74399003CAF22 /* Yemekler.swift in Sources */,
				5A8341FE2B5037C800ED2B4A /* UITextField + Extension.swift in Sources */,
				5A79D51D2AD6C44200C83B06 /* SceneDelegate.swift in Sources */,
				5A5D2FA22AD6DFF1003CAF22 /* DiscoverViewModel.swift in Sources */,
				5A43256C2ADD740D00EE15B1 /* DetailPageViewModel.swift in Sources */,
				5A79D53E2AD6C87200C83B06 /* FavoritesVC.swift in Sources */,
				5A79D53C2AD6C85C00C83B06 /* SettingsVC.swift in Sources */,
				5AFCA11A2B3C415E00C1B01D /* OnboardingVC.swift in Sources */,
				5A5D2FAC2AD8359F003CAF22 /* YemeklerCollectionViewCell.swift in Sources */,
				5AA3B4122B0E32FB0001F402 /* SignUpViewModel.swift in Sources */,
				5AA3B4102B0E32F00001F402 /* LoginViewModel.swift in Sources */,
				5A37E2302AE41C620002AF9D /* FoodDataModel.xcdatamodeld in Sources */,
				5ACE6A3F2ADC33E1002F27D3 /* BasketTableViewCell.swift in Sources */,
				5A5D2FB12AD86794003CAF22 /* YemeklerCevap.swift in Sources */,
			);
			runOnlyForDeploymentPostprocessing = 0;
		};
/* End PBXSourcesBuildPhase section */

/* Begin PBXVariantGroup section */
		5A79D5202AD6C44200C83B06 /* Main.storyboard */ = {
			isa = PBXVariantGroup;
			children = (
				5A79D5212AD6C44200C83B06 /* Base */,
			);
			name = Main.storyboard;
			sourceTree = "<group>";
		};
		5A79D5252AD6C44300C83B06 /* LaunchScreen.storyboard */ = {
			isa = PBXVariantGroup;
			children = (
				5A79D5262AD6C44300C83B06 /* Base */,
			);
			name = LaunchScreen.storyboard;
			sourceTree = "<group>";
		};
/* End PBXVariantGroup section */

/* Begin XCBuildConfiguration section */
		5A79D5292AD6C44300C83B06 /* Debug */ = {
			isa = XCBuildConfiguration;
			buildSettings = {
				ALWAYS_SEARCH_USER_PATHS = NO;
				CLANG_ANALYZER_NONNULL = YES;
				CLANG_ANALYZER_NUMBER_OBJECT_CONVERSION = YES_AGGRESSIVE;
				CLANG_CXX_LANGUAGE_STANDARD = "gnu++20";
				CLANG_ENABLE_MODULES = YES;
				CLANG_ENABLE_OBJC_ARC = YES;
				CLANG_ENABLE_OBJC_WEAK = YES;
				CLANG_WARN_BLOCK_CAPTURE_AUTORELEASING = YES;
				CLANG_WARN_BOOL_CONVERSION = YES;
				CLANG_WARN_COMMA = YES;
				CLANG_WARN_CONSTANT_CONVERSION = YES;
				CLANG_WARN_DEPRECATED_OBJC_IMPLEMENTATIONS = YES;
				CLANG_WARN_DIRECT_OBJC_ISA_USAGE = YES_ERROR;
				CLANG_WARN_DOCUMENTATION_COMMENTS = YES;
				CLANG_WARN_EMPTY_BODY = YES;
				CLANG_WARN_ENUM_CONVERSION = YES;
				CLANG_WARN_INFINITE_RECURSION = YES;
				CLANG_WARN_INT_CONVERSION = YES;
				CLANG_WARN_NON_LITERAL_NULL_CONVERSION = YES;
				CLANG_WARN_OBJC_IMPLICIT_RETAIN_SELF = YES;
				CLANG_WARN_OBJC_LITERAL_CONVERSION = YES;
				CLANG_WARN_OBJC_ROOT_CLASS = YES_ERROR;
				CLANG_WARN_QUOTED_INCLUDE_IN_FRAMEWORK_HEADER = YES;
				CLANG_WARN_RANGE_LOOP_ANALYSIS = YES;
				CLANG_WARN_STRICT_PROTOTYPES = YES;
				CLANG_WARN_SUSPICIOUS_MOVE = YES;
				CLANG_WARN_UNGUARDED_AVAILABILITY = YES_AGGRESSIVE;
				CLANG_WARN_UNREACHABLE_CODE = YES;
				CLANG_WARN__DUPLICATE_METHOD_MATCH = YES;
				COPY_PHASE_STRIP = NO;
				DEBUG_INFORMATION_FORMAT = dwarf;
				ENABLE_STRICT_OBJC_MSGSEND = YES;
				ENABLE_TESTABILITY = YES;
				GCC_C_LANGUAGE_STANDARD = gnu11;
				GCC_DYNAMIC_NO_PIC = NO;
				GCC_NO_COMMON_BLOCKS = YES;
				GCC_OPTIMIZATION_LEVEL = 0;
				GCC_PREPROCESSOR_DEFINITIONS = (
					"DEBUG=1",
					"$(inherited)",
				);
				GCC_WARN_64_TO_32_BIT_CONVERSION = YES;
				GCC_WARN_ABOUT_RETURN_TYPE = YES_ERROR;
				GCC_WARN_UNDECLARED_SELECTOR = YES;
				GCC_WARN_UNINITIALIZED_AUTOS = YES_AGGRESSIVE;
				GCC_WARN_UNUSED_FUNCTION = YES;
				GCC_WARN_UNUSED_VARIABLE = YES;
				IPHONEOS_DEPLOYMENT_TARGET = 16.4;
				MTL_ENABLE_DEBUG_INFO = INCLUDE_SOURCE;
				MTL_FAST_MATH = YES;
				ONLY_ACTIVE_ARCH = YES;
				SDKROOT = iphoneos;
				SWIFT_ACTIVE_COMPILATION_CONDITIONS = DEBUG;
				SWIFT_OPTIMIZATION_LEVEL = "-Onone";
			};
			name = Debug;
		};
		5A79D52A2AD6C44300C83B06 /* Release */ = {
			isa = XCBuildConfiguration;
			buildSettings = {
				ALWAYS_SEARCH_USER_PATHS = NO;
				CLANG_ANALYZER_NONNULL = YES;
				CLANG_ANALYZER_NUMBER_OBJECT_CONVERSION = YES_AGGRESSIVE;
				CLANG_CXX_LANGUAGE_STANDARD = "gnu++20";
				CLANG_ENABLE_MODULES = YES;
				CLANG_ENABLE_OBJC_ARC = YES;
				CLANG_ENABLE_OBJC_WEAK = YES;
				CLANG_WARN_BLOCK_CAPTURE_AUTORELEASING = YES;
				CLANG_WARN_BOOL_CONVERSION = YES;
				CLANG_WARN_COMMA = YES;
				CLANG_WARN_CONSTANT_CONVERSION = YES;
				CLANG_WARN_DEPRECATED_OBJC_IMPLEMENTATIONS = YES;
				CLANG_WARN_DIRECT_OBJC_ISA_USAGE = YES_ERROR;
				CLANG_WARN_DOCUMENTATION_COMMENTS = YES;
				CLANG_WARN_EMPTY_BODY = YES;
				CLANG_WARN_ENUM_CONVERSION = YES;
				CLANG_WARN_INFINITE_RECURSION = YES;
				CLANG_WARN_INT_CONVERSION = YES;
				CLANG_WARN_NON_LITERAL_NULL_CONVERSION = YES;
				CLANG_WARN_OBJC_IMPLICIT_RETAIN_SELF = YES;
				CLANG_WARN_OBJC_LITERAL_CONVERSION = YES;
				CLANG_WARN_OBJC_ROOT_CLASS = YES_ERROR;
				CLANG_WARN_QUOTED_INCLUDE_IN_FRAMEWORK_HEADER = YES;
				CLANG_WARN_RANGE_LOOP_ANALYSIS = YES;
				CLANG_WARN_STRICT_PROTOTYPES = YES;
				CLANG_WARN_SUSPICIOUS_MOVE = YES;
				CLANG_WARN_UNGUARDED_AVAILABILITY = YES_AGGRESSIVE;
				CLANG_WARN_UNREACHABLE_CODE = YES;
				CLANG_WARN__DUPLICATE_METHOD_MATCH = YES;
				COPY_PHASE_STRIP = NO;
				DEBUG_INFORMATION_FORMAT = "dwarf-with-dsym";
				ENABLE_NS_ASSERTIONS = NO;
				ENABLE_STRICT_OBJC_MSGSEND = YES;
				GCC_C_LANGUAGE_STANDARD = gnu11;
				GCC_NO_COMMON_BLOCKS = YES;
				GCC_WARN_64_TO_32_BIT_CONVERSION = YES;
				GCC_WARN_ABOUT_RETURN_TYPE = YES_ERROR;
				GCC_WARN_UNDECLARED_SELECTOR = YES;
				GCC_WARN_UNINITIALIZED_AUTOS = YES_AGGRESSIVE;
				GCC_WARN_UNUSED_FUNCTION = YES;
				GCC_WARN_UNUSED_VARIABLE = YES;
				IPHONEOS_DEPLOYMENT_TARGET = 16.4;
				MTL_ENABLE_DEBUG_INFO = NO;
				MTL_FAST_MATH = YES;
				SDKROOT = iphoneos;
				SWIFT_COMPILATION_MODE = wholemodule;
				SWIFT_OPTIMIZATION_LEVEL = "-O";
				VALIDATE_PRODUCT = YES;
			};
			name = Release;
		};
		5A79D52C2AD6C44300C83B06 /* Debug */ = {
			isa = XCBuildConfiguration;
			buildSettings = {
				ASSETCATALOG_COMPILER_APPICON_NAME = AppIcon;
				ASSETCATALOG_COMPILER_GLOBAL_ACCENT_COLOR_NAME = AccentColor;
				CODE_SIGN_STYLE = Automatic;
				CURRENT_PROJECT_VERSION = 1;
				GENERATE_INFOPLIST_FILE = YES;
				INFOPLIST_FILE = "Food Delivery App/Info.plist";
				INFOPLIST_KEY_CFBundleDisplayName = "Food Delivery";
				INFOPLIST_KEY_UIApplicationSupportsIndirectInputEvents = YES;
				INFOPLIST_KEY_UILaunchStoryboardName = LaunchScreen;
				INFOPLIST_KEY_UIMainStoryboardFile = Main;
				INFOPLIST_KEY_UISupportedInterfaceOrientations_iPad = "UIInterfaceOrientationPortrait UIInterfaceOrientationPortraitUpsideDown UIInterfaceOrientationLandscapeLeft UIInterfaceOrientationLandscapeRight";
				INFOPLIST_KEY_UISupportedInterfaceOrientations_iPhone = "UIInterfaceOrientationPortrait UIInterfaceOrientationLandscapeLeft UIInterfaceOrientationLandscapeRight";
				LD_RUNPATH_SEARCH_PATHS = (
					"$(inherited)",
					"@executable_path/Frameworks",
				);
				MARKETING_VERSION = 1.0;
				PRODUCT_BUNDLE_IDENTIFIER = "com.Food-Delivery-App";
				PRODUCT_NAME = "$(TARGET_NAME)";
				SWIFT_EMIT_LOC_STRINGS = YES;
				SWIFT_VERSION = 5.0;
				TARGETED_DEVICE_FAMILY = "1,2";
			};
			name = Debug;
		};
		5A79D52D2AD6C44300C83B06 /* Release */ = {
			isa = XCBuildConfiguration;
			buildSettings = {
				ASSETCATALOG_COMPILER_APPICON_NAME = AppIcon;
				ASSETCATALOG_COMPILER_GLOBAL_ACCENT_COLOR_NAME = AccentColor;
				CODE_SIGN_STYLE = Automatic;
				CURRENT_PROJECT_VERSION = 1;
				GENERATE_INFOPLIST_FILE = YES;
				INFOPLIST_FILE = "Food Delivery App/Info.plist";
				INFOPLIST_KEY_CFBundleDisplayName = "Food Delivery";
				INFOPLIST_KEY_UIApplicationSupportsIndirectInputEvents = YES;
				INFOPLIST_KEY_UILaunchStoryboardName = LaunchScreen;
				INFOPLIST_KEY_UIMainStoryboardFile = Main;
				INFOPLIST_KEY_UISupportedInterfaceOrientations_iPad = "UIInterfaceOrientationPortrait UIInterfaceOrientationPortraitUpsideDown UIInterfaceOrientationLandscapeLeft UIInterfaceOrientationLandscapeRight";
				INFOPLIST_KEY_UISupportedInterfaceOrientations_iPhone = "UIInterfaceOrientationPortrait UIInterfaceOrientationLandscapeLeft UIInterfaceOrientationLandscapeRight";
				LD_RUNPATH_SEARCH_PATHS = (
					"$(inherited)",
					"@executable_path/Frameworks",
				);
				MARKETING_VERSION = 1.0;
				PRODUCT_BUNDLE_IDENTIFIER = "com.Food-Delivery-App";
				PRODUCT_NAME = "$(TARGET_NAME)";
				SWIFT_EMIT_LOC_STRINGS = YES;
				SWIFT_VERSION = 5.0;
				TARGETED_DEVICE_FAMILY = "1,2";
			};
			name = Release;
		};
/* End XCBuildConfiguration section */

/* Begin XCConfigurationList section */
		5A79D5122AD6C44200C83B06 /* Build configuration list for PBXProject "Food Delivery App" */ = {
			isa = XCConfigurationList;
			buildConfigurations = (
				5A79D5292AD6C44300C83B06 /* Debug */,
				5A79D52A2AD6C44300C83B06 /* Release */,
			);
			defaultConfigurationIsVisible = 0;
			defaultConfigurationName = Release;
		};
		5A79D52B2AD6C44300C83B06 /* Build configuration list for PBXNativeTarget "Food Delivery App" */ = {
			isa = XCConfigurationList;
			buildConfigurations = (
				5A79D52C2AD6C44300C83B06 /* Debug */,
				5A79D52D2AD6C44300C83B06 /* Release */,
			);
			defaultConfigurationIsVisible = 0;
			defaultConfigurationName = Release;
		};
/* End XCConfigurationList section */

/* Begin XCRemoteSwiftPackageReference section */
		5A0EA4D62AE28F3D005F700C /* XCRemoteSwiftPackageReference "SnapKit" */ = {
			isa = XCRemoteSwiftPackageReference;
			repositoryURL = "https://github.com/SnapKit/SnapKit.git";
			requirement = {
				kind = upToNextMajorVersion;
				minimumVersion = 5.0.0;
			};
		};
		5A53D8012B62796300D657E4 /* XCRemoteSwiftPackageReference "firebase-ios-sdk" */ = {
			isa = XCRemoteSwiftPackageReference;
			repositoryURL = "https://github.com/firebase/firebase-ios-sdk";
			requirement = {
				kind = upToNextMajorVersion;
				minimumVersion = 10.20.0;
			};
		};
		5A5D2FAD2AD861D2003CAF22 /* XCRemoteSwiftPackageReference "Kingfisher" */ = {
			isa = XCRemoteSwiftPackageReference;
			repositoryURL = "https://github.com/onevcat/Kingfisher.git";
			requirement = {
				kind = upToNextMajorVersion;
				minimumVersion = 7.0.0;
			};
		};
		5A5D2FB42AD8687E003CAF22 /* XCRemoteSwiftPackageReference "Alamofire" */ = {
			isa = XCRemoteSwiftPackageReference;
			repositoryURL = "https://github.com/Alamofire/Alamofire.git";
			requirement = {
				kind = upToNextMajorVersion;
				minimumVersion = 5.0.0;
			};
		};
		5AFD59472B69159800C65040 /* XCRemoteSwiftPackageReference "IQKeyboardManager" */ = {
			isa = XCRemoteSwiftPackageReference;
			repositoryURL = "https://github.com/hackiftekhar/IQKeyboardManager.git";
			requirement = {
				kind = upToNextMajorVersion;
				minimumVersion = 7.0.1;
			};
		};
/* End XCRemoteSwiftPackageReference section */

/* Begin XCSwiftPackageProductDependency section */
		5A0EA4D72AE28F3D005F700C /* SnapKit */ = {
			isa = XCSwiftPackageProductDependency;
			package = 5A0EA4D62AE28F3D005F700C /* XCRemoteSwiftPackageReference "SnapKit" */;
			productName = SnapKit;
		};
		5A53D8022B62796300D657E4 /* FirebaseAnalytics */ = {
			isa = XCSwiftPackageProductDependency;
			package = 5A53D8012B62796300D657E4 /* XCRemoteSwiftPackageReference "firebase-ios-sdk" */;
			productName = FirebaseAnalytics;
		};
		5A53D8042B62796300D657E4 /* FirebaseAnalyticsOnDeviceConversion */ = {
			isa = XCSwiftPackageProductDependency;
			package = 5A53D8012B62796300D657E4 /* XCRemoteSwiftPackageReference "firebase-ios-sdk" */;
			productName = FirebaseAnalyticsOnDeviceConversion;
		};
		5A53D8062B62796300D657E4 /* FirebaseAnalyticsSwift */ = {
			isa = XCSwiftPackageProductDependency;
			package = 5A53D8012B62796300D657E4 /* XCRemoteSwiftPackageReference "firebase-ios-sdk" */;
			productName = FirebaseAnalyticsSwift;
		};
		5A53D8082B62796300D657E4 /* FirebaseAnalyticsWithoutAdIdSupport */ = {
			isa = XCSwiftPackageProductDependency;
			package = 5A53D8012B62796300D657E4 /* XCRemoteSwiftPackageReference "firebase-ios-sdk" */;
			productName = FirebaseAnalyticsWithoutAdIdSupport;
		};
		5A53D80A2B62796300D657E4 /* FirebaseAppCheck */ = {
			isa = XCSwiftPackageProductDependency;
			package = 5A53D8012B62796300D657E4 /* XCRemoteSwiftPackageReference "firebase-ios-sdk" */;
			productName = FirebaseAppCheck;
		};
		5A53D80C2B62796300D657E4 /* FirebaseAppDistribution-Beta */ = {
			isa = XCSwiftPackageProductDependency;
			package = 5A53D8012B62796300D657E4 /* XCRemoteSwiftPackageReference "firebase-ios-sdk" */;
			productName = "FirebaseAppDistribution-Beta";
		};
		5A53D80E2B62796300D657E4 /* FirebaseAuth */ = {
			isa = XCSwiftPackageProductDependency;
			package = 5A53D8012B62796300D657E4 /* XCRemoteSwiftPackageReference "firebase-ios-sdk" */;
			productName = FirebaseAuth;
		};
		5A53D8102B62796300D657E4 /* FirebaseAuthCombine-Community */ = {
			isa = XCSwiftPackageProductDependency;
			package = 5A53D8012B62796300D657E4 /* XCRemoteSwiftPackageReference "firebase-ios-sdk" */;
			productName = "FirebaseAuthCombine-Community";
		};
		5A53D8122B62796300D657E4 /* FirebaseCrashlytics */ = {
			isa = XCSwiftPackageProductDependency;
			package = 5A53D8012B62796300D657E4 /* XCRemoteSwiftPackageReference "firebase-ios-sdk" */;
			productName = FirebaseCrashlytics;
		};
		5A53D8142B62796300D657E4 /* FirebaseDatabase */ = {
			isa = XCSwiftPackageProductDependency;
			package = 5A53D8012B62796300D657E4 /* XCRemoteSwiftPackageReference "firebase-ios-sdk" */;
			productName = FirebaseDatabase;
		};
		5A53D8162B62796300D657E4 /* FirebaseDatabaseSwift */ = {
			isa = XCSwiftPackageProductDependency;
			package = 5A53D8012B62796300D657E4 /* XCRemoteSwiftPackageReference "firebase-ios-sdk" */;
			productName = FirebaseDatabaseSwift;
		};
		5A53D8182B62796300D657E4 /* FirebaseDynamicLinks */ = {
			isa = XCSwiftPackageProductDependency;
			package = 5A53D8012B62796300D657E4 /* XCRemoteSwiftPackageReference "firebase-ios-sdk" */;
			productName = FirebaseDynamicLinks;
		};
		5A53D81A2B62796300D657E4 /* FirebaseFirestore */ = {
			isa = XCSwiftPackageProductDependency;
			package = 5A53D8012B62796300D657E4 /* XCRemoteSwiftPackageReference "firebase-ios-sdk" */;
			productName = FirebaseFirestore;
		};
		5A53D81C2B62796300D657E4 /* FirebaseFirestoreCombine-Community */ = {
			isa = XCSwiftPackageProductDependency;
			package = 5A53D8012B62796300D657E4 /* XCRemoteSwiftPackageReference "firebase-ios-sdk" */;
			productName = "FirebaseFirestoreCombine-Community";
		};
		5A53D81E2B62796300D657E4 /* FirebaseFirestoreSwift */ = {
			isa = XCSwiftPackageProductDependency;
			package = 5A53D8012B62796300D657E4 /* XCRemoteSwiftPackageReference "firebase-ios-sdk" */;
			productName = FirebaseFirestoreSwift;
		};
		5A53D8202B62796300D657E4 /* FirebaseFunctions */ = {
			isa = XCSwiftPackageProductDependency;
			package = 5A53D8012B62796300D657E4 /* XCRemoteSwiftPackageReference "firebase-ios-sdk" */;
			productName = FirebaseFunctions;
		};
		5A53D8222B62796300D657E4 /* FirebaseFunctionsCombine-Community */ = {
			isa = XCSwiftPackageProductDependency;
			package = 5A53D8012B62796300D657E4 /* XCRemoteSwiftPackageReference "firebase-ios-sdk" */;
			productName = "FirebaseFunctionsCombine-Community";
		};
		5A53D8242B62796300D657E4 /* FirebaseInAppMessaging-Beta */ = {
			isa = XCSwiftPackageProductDependency;
			package = 5A53D8012B62796300D657E4 /* XCRemoteSwiftPackageReference "firebase-ios-sdk" */;
			productName = "FirebaseInAppMessaging-Beta";
		};
		5A53D8262B62796300D657E4 /* FirebaseInAppMessagingSwift-Beta */ = {
			isa = XCSwiftPackageProductDependency;
			package = 5A53D8012B62796300D657E4 /* XCRemoteSwiftPackageReference "firebase-ios-sdk" */;
			productName = "FirebaseInAppMessagingSwift-Beta";
		};
		5A53D8282B62796300D657E4 /* FirebaseInstallations */ = {
			isa = XCSwiftPackageProductDependency;
			package = 5A53D8012B62796300D657E4 /* XCRemoteSwiftPackageReference "firebase-ios-sdk" */;
			productName = FirebaseInstallations;
		};
		5A53D82A2B62796300D657E4 /* FirebaseMLModelDownloader */ = {
			isa = XCSwiftPackageProductDependency;
			package = 5A53D8012B62796300D657E4 /* XCRemoteSwiftPackageReference "firebase-ios-sdk" */;
			productName = FirebaseMLModelDownloader;
		};
		5A53D82C2B62796300D657E4 /* FirebaseMessaging */ = {
			isa = XCSwiftPackageProductDependency;
			package = 5A53D8012B62796300D657E4 /* XCRemoteSwiftPackageReference "firebase-ios-sdk" */;
			productName = FirebaseMessaging;
		};
		5A53D82E2B62796300D657E4 /* FirebasePerformance */ = {
			isa = XCSwiftPackageProductDependency;
			package = 5A53D8012B62796300D657E4 /* XCRemoteSwiftPackageReference "firebase-ios-sdk" */;
			productName = FirebasePerformance;
		};
		5A53D8302B62796300D657E4 /* FirebaseRemoteConfig */ = {
			isa = XCSwiftPackageProductDependency;
			package = 5A53D8012B62796300D657E4 /* XCRemoteSwiftPackageReference "firebase-ios-sdk" */;
			productName = FirebaseRemoteConfig;
		};
		5A53D8322B62796300D657E4 /* FirebaseRemoteConfigSwift */ = {
			isa = XCSwiftPackageProductDependency;
			package = 5A53D8012B62796300D657E4 /* XCRemoteSwiftPackageReference "firebase-ios-sdk" */;
			productName = FirebaseRemoteConfigSwift;
		};
		5A53D8342B62796300D657E4 /* FirebaseStorage */ = {
			isa = XCSwiftPackageProductDependency;
			package = 5A53D8012B62796300D657E4 /* XCRemoteSwiftPackageReference "firebase-ios-sdk" */;
			productName = FirebaseStorage;
		};
		5A53D8362B62796300D657E4 /* FirebaseStorageCombine-Community */ = {
			isa = XCSwiftPackageProductDependency;
			package = 5A53D8012B62796300D657E4 /* XCRemoteSwiftPackageReference "firebase-ios-sdk" */;
			productName = "FirebaseStorageCombine-Community";
		};
		5A5D2FAE2AD861D2003CAF22 /* Kingfisher */ = {
			isa = XCSwiftPackageProductDependency;
			package = 5A5D2FAD2AD861D2003CAF22 /* XCRemoteSwiftPackageReference "Kingfisher" */;
			productName = Kingfisher;
		};
		5A5D2FB52AD8687E003CAF22 /* Alamofire */ = {
			isa = XCSwiftPackageProductDependency;
			package = 5A5D2FB42AD8687E003CAF22 /* XCRemoteSwiftPackageReference "Alamofire" */;
			productName = Alamofire;
		};
		5AFD59482B69159800C65040 /* IQKeyboardManagerSwift */ = {
			isa = XCSwiftPackageProductDependency;
			package = 5AFD59472B69159800C65040 /* XCRemoteSwiftPackageReference "IQKeyboardManager" */;
			productName = IQKeyboardManagerSwift;
		};
/* End XCSwiftPackageProductDependency section */

/* Begin XCVersionGroup section */
		5A37E22E2AE41C620002AF9D /* FoodDataModel.xcdatamodeld */ = {
			isa = XCVersionGroup;
			children = (
				5A37E22F2AE41C620002AF9D /* FoodDataModel.xcdatamodel */,
			);
			currentVersion = 5A37E22F2AE41C620002AF9D /* FoodDataModel.xcdatamodel */;
			path = FoodDataModel.xcdatamodeld;
			sourceTree = "<group>";
			versionGroupType = wrapper.xcdatamodel;
		};
/* End XCVersionGroup section */
	};
	rootObject = 5A79D50F2AD6C44200C83B06 /* Project object */;
}
