// !$*UTF8*$!
{
	archiveVersion = 1;
	classes = {
	};
	objectVersion = 56;
	objects = {

/* Begin PBXBuildFile section */
		5A5D2FA22AD6DFF1003CAF22 /* DiscoverViewModel.swift in Sources */ = {isa = PBXBuildFile; fileRef = 5A5D2FA12AD6DFF1003CAF22 /* DiscoverViewModel.swift */; };
		5A5D2FA42AD6E00E003CAF22 /* BasketsViewModel.swift in Sources */ = {isa = PBXBuildFile; fileRef = 5A5D2FA32AD6E00E003CAF22 /* BasketsViewModel.swift */; };
		5A5D2FA62AD6E021003CAF22 /* FavoritesViewModel.swift in Sources */ = {isa = PBXBuildFile; fileRef = 5A5D2FA52AD6E021003CAF22 /* FavoritesViewModel.swift */; };
		5A5D2FA82AD74399003CAF22 /* File.swift in Sources */ = {isa = PBXBuildFile; fileRef = 5A5D2FA72AD74399003CAF22 /* File.swift */; };
		5A5D2FAA2AD743A4003CAF22 /* 2.swift in Sources */ = {isa = PBXBuildFile; fileRef = 5A5D2FA92AD743A4003CAF22 /* 2.swift */; };
		5A79D51B2AD6C44200C83B06 /* AppDelegate.swift in Sources */ = {isa = PBXBuildFile; fileRef = 5A79D51A2AD6C44200C83B06 /* AppDelegate.swift */; };
		5A79D51D2AD6C44200C83B06 /* SceneDelegate.swift in Sources */ = {isa = PBXBuildFile; fileRef = 5A79D51C2AD6C44200C83B06 /* SceneDelegate.swift */; };
		5A79D51F2AD6C44200C83B06 /* DiscoverVC.swift in Sources */ = {isa = PBXBuildFile; fileRef = 5A79D51E2AD6C44200C83B06 /* DiscoverVC.swift */; };
		5A79D5222AD6C44200C83B06 /* Main.storyboard in Resources */ = {isa = PBXBuildFile; fileRef = 5A79D5202AD6C44200C83B06 /* Main.storyboard */; };
		5A79D5242AD6C44300C83B06 /* Assets.xcassets in Resources */ = {isa = PBXBuildFile; fileRef = 5A79D5232AD6C44300C83B06 /* Assets.xcassets */; };
		5A79D5272AD6C44300C83B06 /* LaunchScreen.storyboard in Resources */ = {isa = PBXBuildFile; fileRef = 5A79D5252AD6C44300C83B06 /* LaunchScreen.storyboard */; };
		5A79D53C2AD6C85C00C83B06 /* OrdersVC.swift in Sources */ = {isa = PBXBuildFile; fileRef = 5A79D53B2AD6C85C00C83B06 /* OrdersVC.swift */; };
		5A79D53E2AD6C87200C83B06 /* FavoritesVC.swift in Sources */ = {isa = PBXBuildFile; fileRef = 5A79D53D2AD6C87200C83B06 /* FavoritesVC.swift */; };
		5A79D5402AD6C8A600C83B06 /* BasketsVC.swift in Sources */ = {isa = PBXBuildFile; fileRef = 5A79D53F2AD6C8A600C83B06 /* BasketsVC.swift */; };
/* End PBXBuildFile section */

/* Begin PBXFileReference section */
		5A5D2FA12AD6DFF1003CAF22 /* DiscoverViewModel.swift */ = {isa = PBXFileReference; lastKnownFileType = sourcecode.swift; path = DiscoverViewModel.swift; sourceTree = "<group>"; };
		5A5D2FA32AD6E00E003CAF22 /* BasketsViewModel.swift */ = {isa = PBXFileReference; lastKnownFileType = sourcecode.swift; path = BasketsViewModel.swift; sourceTree = "<group>"; };
		5A5D2FA52AD6E021003CAF22 /* FavoritesViewModel.swift */ = {isa = PBXFileReference; lastKnownFileType = sourcecode.swift; path = FavoritesViewModel.swift; sourceTree = "<group>"; };
		5A5D2FA72AD74399003CAF22 /* File.swift */ = {isa = PBXFileReference; lastKnownFileType = sourcecode.swift; path = File.swift; sourceTree = "<group>"; };
		5A5D2FA92AD743A4003CAF22 /* 2.swift */ = {isa = PBXFileReference; lastKnownFileType = sourcecode.swift; path = 2.swift; sourceTree = "<group>"; };
		5A79D5172AD6C44200C83B06 /* Food Delivery App.app */ = {isa = PBXFileReference; explicitFileType = wrapper.application; includeInIndex = 0; path = "Food Delivery App.app"; sourceTree = BUILT_PRODUCTS_DIR; };
		5A79D51A2AD6C44200C83B06 /* AppDelegate.swift */ = {isa = PBXFileReference; lastKnownFileType = sourcecode.swift; path = AppDelegate.swift; sourceTree = "<group>"; };
		5A79D51C2AD6C44200C83B06 /* SceneDelegate.swift */ = {isa = PBXFileReference; lastKnownFileType = sourcecode.swift; path = SceneDelegate.swift; sourceTree = "<group>"; };
		5A79D51E2AD6C44200C83B06 /* DiscoverVC.swift */ = {isa = PBXFileReference; lastKnownFileType = sourcecode.swift; path = DiscoverVC.swift; sourceTree = "<group>"; };
		5A79D5212AD6C44200C83B06 /* Base */ = {isa = PBXFileReference; lastKnownFileType = file.storyboard; name = Base; path = Base.lproj/Main.storyboard; sourceTree = "<group>"; };
		5A79D5232AD6C44300C83B06 /* Assets.xcassets */ = {isa = PBXFileReference; lastKnownFileType = folder.assetcatalog; path = Assets.xcassets; sourceTree = "<group>"; };
		5A79D5262AD6C44300C83B06 /* Base */ = {isa = PBXFileReference; lastKnownFileType = file.storyboard; name = Base; path = Base.lproj/LaunchScreen.storyboard; sourceTree = "<group>"; };
		5A79D5282AD6C44300C83B06 /* Info.plist */ = {isa = PBXFileReference; lastKnownFileType = text.plist.xml; path = Info.plist; sourceTree = "<group>"; };
		5A79D53B2AD6C85C00C83B06 /* OrdersVC.swift */ = {isa = PBXFileReference; lastKnownFileType = sourcecode.swift; path = OrdersVC.swift; sourceTree = "<group>"; };
		5A79D53D2AD6C87200C83B06 /* FavoritesVC.swift */ = {isa = PBXFileReference; lastKnownFileType = sourcecode.swift; path = FavoritesVC.swift; sourceTree = "<group>"; };
		5A79D53F2AD6C8A600C83B06 /* BasketsVC.swift */ = {isa = PBXFileReference; lastKnownFileType = sourcecode.swift; path = BasketsVC.swift; sourceTree = "<group>"; };
/* End PBXFileReference section */

/* Begin PBXFrameworksBuildPhase section */
		5A79D5142AD6C44200C83B06 /* Frameworks */ = {
			isa = PBXFrameworksBuildPhase;
			buildActionMask = 2147483647;
			files = (
			);
			runOnlyForDeploymentPostprocessing = 0;
		};
/* End PBXFrameworksBuildPhase section */

/* Begin PBXGroup section */
		5A79D50E2AD6C44200C83B06 = {
			isa = PBXGroup;
			children = (
				5A79D5192AD6C44200C83B06 /* Food Delivery App */,
				5A79D5182AD6C44200C83B06 /* Products */,
			);
			sourceTree = "<group>";
		};
		5A79D5182AD6C44200C83B06 /* Products */ = {
			isa = PBXGroup;
			children = (
				5A79D5172AD6C44200C83B06 /* Food Delivery App.app */,
			);
			name = Products;
			sourceTree = "<group>";
		};
		5A79D5192AD6C44200C83B06 /* Food Delivery App */ = {
			isa = PBXGroup;
			children = (
				5A79D51A2AD6C44200C83B06 /* AppDelegate.swift */,
				5A79D51C2AD6C44200C83B06 /* SceneDelegate.swift */,
				5A79D5202AD6C44200C83B06 /* Main.storyboard */,
				5A79D5232AD6C44300C83B06 /* Assets.xcassets */,
				5A79D5342AD6C78100C83B06 /* View */,
				5A79D52E2AD6C71300C83B06 /* Data */,
				5A79D5252AD6C44300C83B06 /* LaunchScreen.storyboard */,
				5A79D5282AD6C44300C83B06 /* Info.plist */,
			);
			path = "Food Delivery App";
			sourceTree = "<group>";
		};
		5A79D52E2AD6C71300C83B06 /* Data */ = {
			isa = PBXGroup;
			children = (
				5A5D2FA72AD74399003CAF22 /* File.swift */,
				5A5D2FA92AD743A4003CAF22 /* 2.swift */,
			);
			path = Data;
			sourceTree = "<group>";
		};
		5A79D5342AD6C78100C83B06 /* View */ = {
			isa = PBXGroup;
			children = (
				5A79D5392AD6C80F00C83B06 /* Orders View */,
				5A79D5372AD6C7C200C83B06 /* Favorites View */,
				5A79D5362AD6C7B300C83B06 /* Baskets View */,
				5A79D5352AD6C78900C83B06 /* Discover View */,
			);
			path = View;
			sourceTree = "<group>";
		};
		5A79D5352AD6C78900C83B06 /* Discover View */ = {
			isa = PBXGroup;
			children = (
				5A79D51E2AD6C44200C83B06 /* DiscoverVC.swift */,
				5A5D2FA12AD6DFF1003CAF22 /* DiscoverViewModel.swift */,
			);
			path = "Discover View";
			sourceTree = "<group>";
		};
		5A79D5362AD6C7B300C83B06 /* Baskets View */ = {
			isa = PBXGroup;
			children = (
				5A79D53F2AD6C8A600C83B06 /* BasketsVC.swift */,
				5A5D2FA32AD6E00E003CAF22 /* BasketsViewModel.swift */,
			);
			path = "Baskets View";
			sourceTree = "<group>";
		};
		5A79D5372AD6C7C200C83B06 /* Favorites View */ = {
			isa = PBXGroup;
			children = (
				5A79D53D2AD6C87200C83B06 /* FavoritesVC.swift */,
				5A5D2FA52AD6E021003CAF22 /* FavoritesViewModel.swift */,
			);
			path = "Favorites View";
			sourceTree = "<group>";
		};
		5A79D5392AD6C80F00C83B06 /* Orders View */ = {
			isa = PBXGroup;
			children = (
				5A79D53B2AD6C85C00C83B06 /* OrdersVC.swift */,
			);
			path = "Orders View";
			sourceTree = "<group>";
		};
/* End PBXGroup section */

/* Begin PBXNativeTarget section */
		5A79D5162AD6C44200C83B06 /* Food Delivery App */ = {
			isa = PBXNativeTarget;
			buildConfigurationList = 5A79D52B2AD6C44300C83B06 /* Build configuration list for PBXNativeTarget "Food Delivery App" */;
			buildPhases = (
				5A79D5132AD6C44200C83B06 /* Sources */,
				5A79D5142AD6C44200C83B06 /* Frameworks */,
				5A79D5152AD6C44200C83B06 /* Resources */,
			);
			buildRules = (
			);
			dependencies = (
			);
			name = "Food Delivery App";
			productName = "Food Delivery App";
			productReference = 5A79D5172AD6C44200C83B06 /* Food Delivery App.app */;
			productType = "com.apple.product-type.application";
		};
/* End PBXNativeTarget section */

/* Begin PBXProject section */
		5A79D50F2AD6C44200C83B06 /* Project object */ = {
			isa = PBXProject;
			attributes = {
				BuildIndependentTargetsInParallel = 1;
				LastSwiftUpdateCheck = 1430;
				LastUpgradeCheck = 1430;
				TargetAttributes = {
					5A79D5162AD6C44200C83B06 = {
						CreatedOnToolsVersion = 14.3.1;
					};
				};
			};
			buildConfigurationList = 5A79D5122AD6C44200C83B06 /* Build configuration list for PBXProject "Food Delivery App" */;
			compatibilityVersion = "Xcode 14.0";
			developmentRegion = en;
			hasScannedForEncodings = 0;
			knownRegions = (
				en,
				Base,
			);
			mainGroup = 5A79D50E2AD6C44200C83B06;
			productRefGroup = 5A79D5182AD6C44200C83B06 /* Products */;
			projectDirPath = "";
			projectRoot = "";
			targets = (
				5A79D5162AD6C44200C83B06 /* Food Delivery App */,
			);
		};
/* End PBXProject section */

/* Begin PBXResourcesBuildPhase section */
		5A79D5152AD6C44200C83B06 /* Resources */ = {
			isa = PBXResourcesBuildPhase;
			buildActionMask = 2147483647;
			files = (
				5A79D5272AD6C44300C83B06 /* LaunchScreen.storyboard in Resources */,
				5A79D5242AD6C44300C83B06 /* Assets.xcassets in Resources */,
				5A79D5222AD6C44200C83B06 /* Main.storyboard in Resources */,
			);
			runOnlyForDeploymentPostprocessing = 0;
		};
/* End PBXResourcesBuildPhase section */

/* Begin PBXSourcesBuildPhase section */
		5A79D5132AD6C44200C83B06 /* Sources */ = {
			isa = PBXSourcesBuildPhase;
			buildActionMask = 2147483647;
			files = (
				5A5D2FA62AD6E021003CAF22 /* FavoritesViewModel.swift in Sources */,
				5A79D5402AD6C8A600C83B06 /* BasketsVC.swift in Sources */,
				5A5D2FA42AD6E00E003CAF22 /* BasketsViewModel.swift in Sources */,
				5A79D51F2AD6C44200C83B06 /* DiscoverVC.swift in Sources */,
				5A79D51B2AD6C44200C83B06 /* AppDelegate.swift in Sources */,
				5A5D2FA82AD74399003CAF22 /* File.swift in Sources */,
				5A79D51D2AD6C44200C83B06 /* SceneDelegate.swift in Sources */,
				5A5D2FA22AD6DFF1003CAF22 /* DiscoverViewModel.swift in Sources */,
				5A79D53E2AD6C87200C83B06 /* FavoritesVC.swift in Sources */,
				5A5D2FAA2AD743A4003CAF22 /* 2.swift in Sources */,
				5A79D53C2AD6C85C00C83B06 /* OrdersVC.swift in Sources */,
			);
			runOnlyForDeploymentPostprocessing = 0;
		};
/* End PBXSourcesBuildPhase section */

/* Begin PBXVariantGroup section */
		5A79D5202AD6C44200C83B06 /* Main.storyboard */ = {
			isa = PBXVariantGroup;
			children = (
				5A79D5212AD6C44200C83B06 /* Base */,
			);
			name = Main.storyboard;
			sourceTree = "<group>";
		};
		5A79D5252AD6C44300C83B06 /* LaunchScreen.storyboard */ = {
			isa = PBXVariantGroup;
			children = (
				5A79D5262AD6C44300C83B06 /* Base */,
			);
			name = LaunchScreen.storyboard;
			sourceTree = "<group>";
		};
/* End PBXVariantGroup section */

/* Begin XCBuildConfiguration section */
		5A79D5292AD6C44300C83B06 /* Debug */ = {
			isa = XCBuildConfiguration;
			buildSettings = {
				ALWAYS_SEARCH_USER_PATHS = NO;
				CLANG_ANALYZER_NONNULL = YES;
				CLANG_ANALYZER_NUMBER_OBJECT_CONVERSION = YES_AGGRESSIVE;
				CLANG_CXX_LANGUAGE_STANDARD = "gnu++20";
				CLANG_ENABLE_MODULES = YES;
				CLANG_ENABLE_OBJC_ARC = YES;
				CLANG_ENABLE_OBJC_WEAK = YES;
				CLANG_WARN_BLOCK_CAPTURE_AUTORELEASING = YES;
				CLANG_WARN_BOOL_CONVERSION = YES;
				CLANG_WARN_COMMA = YES;
				CLANG_WARN_CONSTANT_CONVERSION = YES;
				CLANG_WARN_DEPRECATED_OBJC_IMPLEMENTATIONS = YES;
				CLANG_WARN_DIRECT_OBJC_ISA_USAGE = YES_ERROR;
				CLANG_WARN_DOCUMENTATION_COMMENTS = YES;
				CLANG_WARN_EMPTY_BODY = YES;
				CLANG_WARN_ENUM_CONVERSION = YES;
				CLANG_WARN_INFINITE_RECURSION = YES;
				CLANG_WARN_INT_CONVERSION = YES;
				CLANG_WARN_NON_LITERAL_NULL_CONVERSION = YES;
				CLANG_WARN_OBJC_IMPLICIT_RETAIN_SELF = YES;
				CLANG_WARN_OBJC_LITERAL_CONVERSION = YES;
				CLANG_WARN_OBJC_ROOT_CLASS = YES_ERROR;
				CLANG_WARN_QUOTED_INCLUDE_IN_FRAMEWORK_HEADER = YES;
				CLANG_WARN_RANGE_LOOP_ANALYSIS = YES;
				CLANG_WARN_STRICT_PROTOTYPES = YES;
				CLANG_WARN_SUSPICIOUS_MOVE = YES;
				CLANG_WARN_UNGUARDED_AVAILABILITY = YES_AGGRESSIVE;
				CLANG_WARN_UNREACHABLE_CODE = YES;
				CLANG_WARN__DUPLICATE_METHOD_MATCH = YES;
				COPY_PHASE_STRIP = NO;
				DEBUG_INFORMATION_FORMAT = dwarf;
				ENABLE_STRICT_OBJC_MSGSEND = YES;
				ENABLE_TESTABILITY = YES;
				GCC_C_LANGUAGE_STANDARD = gnu11;
				GCC_DYNAMIC_NO_PIC = NO;
				GCC_NO_COMMON_BLOCKS = YES;
				GCC_OPTIMIZATION_LEVEL = 0;
				GCC_PREPROCESSOR_DEFINITIONS = (
					"DEBUG=1",
					"$(inherited)",
				);
				GCC_WARN_64_TO_32_BIT_CONVERSION = YES;
				GCC_WARN_ABOUT_RETURN_TYPE = YES_ERROR;
				GCC_WARN_UNDECLARED_SELECTOR = YES;
				GCC_WARN_UNINITIALIZED_AUTOS = YES_AGGRESSIVE;
				GCC_WARN_UNUSED_FUNCTION = YES;
				GCC_WARN_UNUSED_VARIABLE = YES;
				IPHONEOS_DEPLOYMENT_TARGET = 16.4;
				MTL_ENABLE_DEBUG_INFO = INCLUDE_SOURCE;
				MTL_FAST_MATH = YES;
				ONLY_ACTIVE_ARCH = YES;
				SDKROOT = iphoneos;
				SWIFT_ACTIVE_COMPILATION_CONDITIONS = DEBUG;
				SWIFT_OPTIMIZATION_LEVEL = "-Onone";
			};
			name = Debug;
		};
		5A79D52A2AD6C44300C83B06 /* Release */ = {
			isa = XCBuildConfiguration;
			buildSettings = {
				ALWAYS_SEARCH_USER_PATHS = NO;
				CLANG_ANALYZER_NONNULL = YES;
				CLANG_ANALYZER_NUMBER_OBJECT_CONVERSION = YES_AGGRESSIVE;
				CLANG_CXX_LANGUAGE_STANDARD = "gnu++20";
				CLANG_ENABLE_MODULES = YES;
				CLANG_ENABLE_OBJC_ARC = YES;
				CLANG_ENABLE_OBJC_WEAK = YES;
				CLANG_WARN_BLOCK_CAPTURE_AUTORELEASING = YES;
				CLANG_WARN_BOOL_CONVERSION = YES;
				CLANG_WARN_COMMA = YES;
				CLANG_WARN_CONSTANT_CONVERSION = YES;
				CLANG_WARN_DEPRECATED_OBJC_IMPLEMENTATIONS = YES;
				CLANG_WARN_DIRECT_OBJC_ISA_USAGE = YES_ERROR;
				CLANG_WARN_DOCUMENTATION_COMMENTS = YES;
				CLANG_WARN_EMPTY_BODY = YES;
				CLANG_WARN_ENUM_CONVERSION = YES;
				CLANG_WARN_INFINITE_RECURSION = YES;
				CLANG_WARN_INT_CONVERSION = YES;
				CLANG_WARN_NON_LITERAL_NULL_CONVERSION = YES;
				CLANG_WARN_OBJC_IMPLICIT_RETAIN_SELF = YES;
				CLANG_WARN_OBJC_LITERAL_CONVERSION = YES;
				CLANG_WARN_OBJC_ROOT_CLASS = YES_ERROR;
				CLANG_WARN_QUOTED_INCLUDE_IN_FRAMEWORK_HEADER = YES;
				CLANG_WARN_RANGE_LOOP_ANALYSIS = YES;
				CLANG_WARN_STRICT_PROTOTYPES = YES;
				CLANG_WARN_SUSPICIOUS_MOVE = YES;
				CLANG_WARN_UNGUARDED_AVAILABILITY = YES_AGGRESSIVE;
				CLANG_WARN_UNREACHABLE_CODE = YES;
				CLANG_WARN__DUPLICATE_METHOD_MATCH = YES;
				COPY_PHASE_STRIP = NO;
				DEBUG_INFORMATION_FORMAT = "dwarf-with-dsym";
				ENABLE_NS_ASSERTIONS = NO;
				ENABLE_STRICT_OBJC_MSGSEND = YES;
				GCC_C_LANGUAGE_STANDARD = gnu11;
				GCC_NO_COMMON_BLOCKS = YES;
				GCC_WARN_64_TO_32_BIT_CONVERSION = YES;
				GCC_WARN_ABOUT_RETURN_TYPE = YES_ERROR;
				GCC_WARN_UNDECLARED_SELECTOR = YES;
				GCC_WARN_UNINITIALIZED_AUTOS = YES_AGGRESSIVE;
				GCC_WARN_UNUSED_FUNCTION = YES;
				GCC_WARN_UNUSED_VARIABLE = YES;
				IPHONEOS_DEPLOYMENT_TARGET = 16.4;
				MTL_ENABLE_DEBUG_INFO = NO;
				MTL_FAST_MATH = YES;
				SDKROOT = iphoneos;
				SWIFT_COMPILATION_MODE = wholemodule;
				SWIFT_OPTIMIZATION_LEVEL = "-O";
				VALIDATE_PRODUCT = YES;
			};
			name = Release;
		};
		5A79D52C2AD6C44300C83B06 /* Debug */ = {
			isa = XCBuildConfiguration;
			buildSettings = {
				ASSETCATALOG_COMPILER_APPICON_NAME = AppIcon;
				ASSETCATALOG_COMPILER_GLOBAL_ACCENT_COLOR_NAME = AccentColor;
				CODE_SIGN_STYLE = Automatic;
				CURRENT_PROJECT_VERSION = 1;
				GENERATE_INFOPLIST_FILE = YES;
				INFOPLIST_FILE = "Food Delivery App/Info.plist";
				INFOPLIST_KEY_UIApplicationSupportsIndirectInputEvents = YES;
				INFOPLIST_KEY_UILaunchStoryboardName = LaunchScreen;
				INFOPLIST_KEY_UIMainStoryboardFile = Main;
				INFOPLIST_KEY_UISupportedInterfaceOrientations_iPad = "UIInterfaceOrientationPortrait UIInterfaceOrientationPortraitUpsideDown UIInterfaceOrientationLandscapeLeft UIInterfaceOrientationLandscapeRight";
				INFOPLIST_KEY_UISupportedInterfaceOrientations_iPhone = "UIInterfaceOrientationPortrait UIInterfaceOrientationLandscapeLeft UIInterfaceOrientationLandscapeRight";
				LD_RUNPATH_SEARCH_PATHS = (
					"$(inherited)",
					"@executable_path/Frameworks",
				);
				MARKETING_VERSION = 1.0;
				PRODUCT_BUNDLE_IDENTIFIER = "com.Food-Delivery-App";
				PRODUCT_NAME = "$(TARGET_NAME)";
				SWIFT_EMIT_LOC_STRINGS = YES;
				SWIFT_VERSION = 5.0;
				TARGETED_DEVICE_FAMILY = "1,2";
			};
			name = Debug;
		};
		5A79D52D2AD6C44300C83B06 /* Release */ = {
			isa = XCBuildConfiguration;
			buildSettings = {
				ASSETCATALOG_COMPILER_APPICON_NAME = AppIcon;
				ASSETCATALOG_COMPILER_GLOBAL_ACCENT_COLOR_NAME = AccentColor;
				CODE_SIGN_STYLE = Automatic;
				CURRENT_PROJECT_VERSION = 1;
				GENERATE_INFOPLIST_FILE = YES;
				INFOPLIST_FILE = "Food Delivery App/Info.plist";
				INFOPLIST_KEY_UIApplicationSupportsIndirectInputEvents = YES;
				INFOPLIST_KEY_UILaunchStoryboardName = LaunchScreen;
				INFOPLIST_KEY_UIMainStoryboardFile = Main;
				INFOPLIST_KEY_UISupportedInterfaceOrientations_iPad = "UIInterfaceOrientationPortrait UIInterfaceOrientationPortraitUpsideDown UIInterfaceOrientationLandscapeLeft UIInterfaceOrientationLandscapeRight";
				INFOPLIST_KEY_UISupportedInterfaceOrientations_iPhone = "UIInterfaceOrientationPortrait UIInterfaceOrientationLandscapeLeft UIInterfaceOrientationLandscapeRight";
				LD_RUNPATH_SEARCH_PATHS = (
					"$(inherited)",
					"@executable_path/Frameworks",
				);
				MARKETING_VERSION = 1.0;
				PRODUCT_BUNDLE_IDENTIFIER = "com.Food-Delivery-App";
				PRODUCT_NAME = "$(TARGET_NAME)";
				SWIFT_EMIT_LOC_STRINGS = YES;
				SWIFT_VERSION = 5.0;
				TARGETED_DEVICE_FAMILY = "1,2";
			};
			name = Release;
		};
/* End XCBuildConfiguration section */

/* Begin XCConfigurationList section */
		5A79D5122AD6C44200C83B06 /* Build configuration list for PBXProject "Food Delivery App" */ = {
			isa = XCConfigurationList;
			buildConfigurations = (
				5A79D5292AD6C44300C83B06 /* Debug */,
				5A79D52A2AD6C44300C83B06 /* Release */,
			);
			defaultConfigurationIsVisible = 0;
			defaultConfigurationName = Release;
		};
		5A79D52B2AD6C44300C83B06 /* Build configuration list for PBXNativeTarget "Food Delivery App" */ = {
			isa = XCConfigurationList;
			buildConfigurations = (
				5A79D52C2AD6C44300C83B06 /* Debug */,
				5A79D52D2AD6C44300C83B06 /* Release */,
			);
			defaultConfigurationIsVisible = 0;
			defaultConfigurationName = Release;
		};
/* End XCConfigurationList section */
	};
	rootObject = 5A79D50F2AD6C44200C83B06 /* Project object */;
}
